
Microsoft Visual Studio Solution File, Format Version 12.00
# Visual Studio Version 17
VisualStudioVersion = 17.3.32922.545
MinimumVisualStudioVersion = 10.0.40219.1
Project("{FAE04EC0-301F-11D3-BF4B-00C04F79EFBC}") = "projet.Android", "projet\projet.Android\projet.Android.csproj", "{1B222585-FAD7-43B8-BA9B-0F87157BF674}"
EndProject
Project("{FAE04EC0-301F-11D3-BF4B-00C04F79EFBC}") = "projet.iOS", "projet\projet.iOS\projet.iOS.csproj", "{371AC4F2-B9AF-439D-9534-97581D8CCAB0}"
EndProject
Project("{FAE04EC0-301F-11D3-BF4B-00C04F79EFBC}") = "projet", "projet\projet\projet.csproj", "{4B2CB135-AF66-4CA8-B97F-558EA90E830A}"
EndProject
Global
	GlobalSection(SolutionConfigurationPlatforms) = preSolution
		Debug|Any CPU = Debug|Any CPU
		Debug|iPhone = Debug|iPhone
		Debug|iPhoneSimulator = Debug|iPhoneSimulator
		Release|Any CPU = Release|Any CPU
		Release|iPhone = Release|iPhone
		Release|iPhoneSimulator = Release|iPhoneSimulator
	EndGlobalSection
	GlobalSection(ProjectConfigurationPlatforms) = postSolution
		{1B222585-FAD7-43B8-BA9B-0F87157BF674}.Debug|Any CPU.ActiveCfg = Debug|Any CPU
		{1B222585-FAD7-43B8-BA9B-0F87157BF674}.Debug|Any CPU.Build.0 = Debug|Any CPU
		{1B222585-FAD7-43B8-BA9B-0F87157BF674}.Debug|Any CPU.Deploy.0 = Debug|Any CPU
		{1B222585-FAD7-43B8-BA9B-0F87157BF674}.Debug|iPhone.ActiveCfg = Debug|Any CPU
		{1B222585-FAD7-43B8-BA9B-0F87157BF674}.Debug|iPhone.Build.0 = Debug|Any CPU
		{1B222585-FAD7-43B8-BA9B-0F87157BF674}.Debug|iPhone.Deploy.0 = Debug|Any CPU
		{1B222585-FAD7-43B8-BA9B-0F87157BF674}.Debug|iPhoneSimulator.ActiveCfg = Debug|Any CPU
		{1B222585-FAD7-43B8-BA9B-0F87157BF674}.Debug|iPhoneSimulator.Build.0 = Debug|Any CPU
		{1B222585-FAD7-43B8-BA9B-0F87157BF674}.Debug|iPhoneSimulator.Deploy.0 = Debug|Any CPU
		{1B222585-FAD7-43B8-BA9B-0F87157BF674}.Release|Any CPU.ActiveCfg = Release|Any CPU
		{1B222585-FAD7-43B8-BA9B-0F87157BF674}.Release|Any CPU.Build.0 = Release|Any CPU
		{1B222585-FAD7-43B8-BA9B-0F87157BF674}.Release|Any CPU.Deploy.0 = Release|Any CPU
		{1B222585-FAD7-43B8-BA9B-0F87157BF674}.Release|iPhone.ActiveCfg = Release|Any CPU
		{1B222585-FAD7-43B8-BA9B-0F87157BF674}.Release|iPhone.Build.0 = Release|Any CPU
		{1B222585-FAD7-43B8-BA9B-0F87157BF674}.Release|iPhone.Deploy.0 = Release|Any CPU
		{1B222585-FAD7-43B8-BA9B-0F87157BF674}.Release|iPhoneSimulator.ActiveCfg = Release|Any CPU
		{1B222585-FAD7-43B8-BA9B-0F87157BF674}.Release|iPhoneSimulator.Build.0 = Release|Any CPU
		{1B222585-FAD7-43B8-BA9B-0F87157BF674}.Release|iPhoneSimulator.Deploy.0 = Release|Any CPU
		{371AC4F2-B9AF-439D-9534-97581D8CCAB0}.Debug|Any CPU.ActiveCfg = Debug|iPhone
		{371AC4F2-B9AF-439D-9534-97581D8CCAB0}.Debug|Any CPU.Build.0 = Debug|iPhone
		{371AC4F2-B9AF-439D-9534-97581D8CCAB0}.Debug|Any CPU.Deploy.0 = Debug|iPhone
		{371AC4F2-B9AF-439D-9534-97581D8CCAB0}.Debug|iPhone.ActiveCfg = Debug|iPhone
		{371AC4F2-B9AF-439D-9534-97581D8CCAB0}.Debug|iPhone.Build.0 = Debug|iPhone
		{371AC4F2-B9AF-439D-9534-97581D8CCAB0}.Debug|iPhone.Deploy.0 = Debug|iPhone
		{371AC4F2-B9AF-439D-9534-97581D8CCAB0}.Debug|iPhoneSimulator.ActiveCfg = Debug|iPhoneSimulator
		{371AC4F2-B9AF-439D-9534-97581D8CCAB0}.Debug|iPhoneSimulator.Build.0 = Debug|iPhoneSimulator
		{371AC4F2-B9AF-439D-9534-97581D8CCAB0}.Debug|iPhoneSimulator.Deploy.0 = Debug|iPhoneSimulator
		{371AC4F2-B9AF-439D-9534-97581D8CCAB0}.Release|Any CPU.ActiveCfg = Release|iPhoneSimulator
		{371AC4F2-B9AF-439D-9534-97581D8CCAB0}.Release|Any CPU.Build.0 = Release|iPhoneSimulator
		{371AC4F2-B9AF-439D-9534-97581D8CCAB0}.Release|Any CPU.Deploy.0 = Release|iPhoneSimulator
		{371AC4F2-B9AF-439D-9534-97581D8CCAB0}.Release|iPhone.ActiveCfg = Release|iPhone
		{371AC4F2-B9AF-439D-9534-97581D8CCAB0}.Release|iPhone.Build.0 = Release|iPhone
		{371AC4F2-B9AF-439D-9534-97581D8CCAB0}.Release|iPhone.Deploy.0 = Release|iPhone
		{371AC4F2-B9AF-439D-9534-97581D8CCAB0}.Release|iPhoneSimulator.ActiveCfg = Release|iPhoneSimulator
		{371AC4F2-B9AF-439D-9534-97581D8CCAB0}.Release|iPhoneSimulator.Build.0 = Release|iPhoneSimulator
		{371AC4F2-B9AF-439D-9534-97581D8CCAB0}.Release|iPhoneSimulator.Deploy.0 = Release|iPhoneSimulator
		{4B2CB135-AF66-4CA8-B97F-558EA90E830A}.Debug|Any CPU.ActiveCfg = Debug|Any CPU
		{4B2CB135-AF66-4CA8-B97F-558EA90E830A}.Debug|Any CPU.Build.0 = Debug|Any CPU
		{4B2CB135-AF66-4CA8-B97F-558EA90E830A}.Debug|Any CPU.Deploy.0 = Debug|Any CPU
		{4B2CB135-AF66-4CA8-B97F-558EA90E830A}.Debug|iPhone.ActiveCfg = Debug|Any CPU
		{4B2CB135-AF66-4CA8-B97F-558EA90E830A}.Debug|iPhone.Build.0 = Debug|Any CPU
		{4B2CB135-AF66-4CA8-B97F-558EA90E830A}.Debug|iPhone.Deploy.0 = Debug|Any CPU
		{4B2CB135-AF66-4CA8-B97F-558EA90E830A}.Debug|iPhoneSimulator.ActiveCfg = Debug|Any CPU
		{4B2CB135-AF66-4CA8-B97F-558EA90E830A}.Debug|iPhoneSimulator.Build.0 = Debug|Any CPU
		{4B2CB135-AF66-4CA8-B97F-558EA90E830A}.Debug|iPhoneSimulator.Deploy.0 = Debug|Any CPU
		{4B2CB135-AF66-4CA8-B97F-558EA90E830A}.Release|Any CPU.ActiveCfg = Release|Any CPU
		{4B2CB135-AF66-4CA8-B97F-558EA90E830A}.Release|Any CPU.Build.0 = Release|Any CPU
		{4B2CB135-AF66-4CA8-B97F-558EA90E830A}.Release|Any CPU.Deploy.0 = Release|Any CPU
		{4B2CB135-AF66-4CA8-B97F-558EA90E830A}.Release|iPhone.ActiveCfg = Release|Any CPU
		{4B2CB135-AF66-4CA8-B97F-558EA90E830A}.Release|iPhone.Build.0 = Release|Any CPU
		{4B2CB135-AF66-4CA8-B97F-558EA90E830A}.Release|iPhone.Deploy.0 = Release|Any CPU
		{4B2CB135-AF66-4CA8-B97F-558EA90E830A}.Release|iPhoneSimulator.ActiveCfg = Release|Any CPU
		{4B2CB135-AF66-4CA8-B97F-558EA90E830A}.Release|iPhoneSimulator.Build.0 = Release|Any CPU
		{4B2CB135-AF66-4CA8-B97F-558EA90E830A}.Release|iPhoneSimulator.Deploy.0 = Release|Any CPU
	EndGlobalSection
	GlobalSection(SolutionProperties) = preSolution
		HideSolutionNode = FALSE
	EndGlobalSection
	GlobalSection(ExtensibilityGlobals) = postSolution
		SolutionGuid = {8D00FF80-7875-4BF8-9B5B-8A253DA767CC}
	EndGlobalSection
EndGlobal
